
Microsoft Visual Studio Solution File, Format Version 12.00
# Visual Studio Version 17
VisualStudioVersion = 17.0.31919.166
MinimumVisualStudioVersion = 10.0.40219.1
Project("{FAE04EC0-301F-11D3-BF4B-00C04F79EFBC}") = "QuotesService", "QuotesService\QuotesService.csproj", "{52591B4F-06A1-461D-B199-1D69BC8AECA3}"
EndProject
Global
	GlobalSection(SolutionConfigurationPlatforms) = preSolution
		Debug|Any CPU = Debug|Any CPU
		Release|Any CPU = Release|Any CPU
	EndGlobalSection
	GlobalSection(ProjectConfigurationPlatforms) = postSolution
		{52591B4F-06A1-461D-B199-1D69BC8AECA3}.Debug|Any CPU.ActiveCfg = Debug|Any CPU
		{52591B4F-06A1-461D-B199-1D69BC8AECA3}.Debug|Any CPU.Build.0 = Debug|Any CPU
		{52591B4F-06A1-461D-B199-1D69BC8AECA3}.Release|Any CPU.ActiveCfg = Release|Any CPU
		{52591B4F-06A1-461D-B199-1D69BC8AECA3}.Release|Any CPU.Build.0 = Release|Any CPU
	EndGlobalSection
	GlobalSection(SolutionProperties) = preSolution
		HideSolutionNode = FALSE
	EndGlobalSection
	GlobalSection(ExtensibilityGlobals) = postSolution
		SolutionGuid = {B49E0ED3-644F-45DE-881D-812F52A6A788}
	EndGlobalSection
EndGlobal
